# This file is automatically @generated by Poetry 2.1.1 and should not be changed by hand.

[[package]]
name = "pip"
version = "23.3.2"
description = "The PyPA recommended tool for installing Python packages."
optional = false
python-versions = ">=3.7"
groups = ["dev"]
files = [
    {file = "pip-23.3.2-py3-none-any.whl", hash = "sha256:5052d7889c1f9d05224cd41741acb7c5d6fa735ab34e339624a614eaaa7e7d76"},
    {file = "pip-23.3.2.tar.gz", hash = "sha256:7fd9972f96db22c8077a1ee2691b172c8089b17a5652a44494a9ecb0d78f9149"},
]

[metadata]
lock-version = "2.1"
python-versions = "^3.10"
content-hash = "64a9ca0f018490045113b15227fa01541375d65908414251784d0e64310f5f8b"
